
Microsoft Visual Studio Solution File, Format Version 12.00
# Visual Studio Version 17
VisualStudioVersion = 17.11.35312.102
MinimumVisualStudioVersion = 10.0.40219.1
Project("{FAE04EC0-301F-11D3-BF4B-00C04F79EFBC}") = "homework_lesson5", "homework_lesson5.csproj", "{205A0E13-6DC1-4084-8474-8B34BC45C6BC}"
EndProject
Global
	GlobalSection(SolutionConfigurationPlatforms) = preSolution
		Debug|Any CPU = Debug|Any CPU
		Release|Any CPU = Release|Any CPU
	EndGlobalSection
	GlobalSection(ProjectConfigurationPlatforms) = postSolution
		{205A0E13-6DC1-4084-8474-8B34BC45C6BC}.Debug|Any CPU.ActiveCfg = Debug|Any CPU
		{205A0E13-6DC1-4084-8474-8B34BC45C6BC}.Debug|Any CPU.Build.0 = Debug|Any CPU
		{205A0E13-6DC1-4084-8474-8B34BC45C6BC}.Release|Any CPU.ActiveCfg = Release|Any CPU
		{205A0E13-6DC1-4084-8474-8B34BC45C6BC}.Release|Any CPU.Build.0 = Release|Any CPU
	EndGlobalSection
	GlobalSection(SolutionProperties) = preSolution
		HideSolutionNode = FALSE
	EndGlobalSection
	GlobalSection(ExtensibilityGlobals) = postSolution
		SolutionGuid = {D3B12802-CF24-4837-8378-BDEFF03CA3CA}
	EndGlobalSection
EndGlobal
