
Microsoft Visual Studio Solution File, Format Version 12.00
# Visual Studio Version 17
VisualStudioVersion = 17.9.34622.214
MinimumVisualStudioVersion = 10.0.40219.1
Project("{FAE04EC0-301F-11D3-BF4B-00C04F79EFBC}") = "dz", "dz\dz.csproj", "{ACDF253D-BE16-4EC6-9EB3-4CF2A63BBF62}"
EndProject
Project("{FAE04EC0-301F-11D3-BF4B-00C04F79EFBC}") = "Calculator1", "Calculator1\Calculator1.csproj", "{CD31D40A-0B39-4E51-AB86-D09D82F41CCA}"
EndProject
Global
	GlobalSection(SolutionConfigurationPlatforms) = preSolution
		Debug|Any CPU = Debug|Any CPU
		Release|Any CPU = Release|Any CPU
	EndGlobalSection
	GlobalSection(ProjectConfigurationPlatforms) = postSolution
		{ACDF253D-BE16-4EC6-9EB3-4CF2A63BBF62}.Debug|Any CPU.ActiveCfg = Debug|Any CPU
		{ACDF253D-BE16-4EC6-9EB3-4CF2A63BBF62}.Debug|Any CPU.Build.0 = Debug|Any CPU
		{ACDF253D-BE16-4EC6-9EB3-4CF2A63BBF62}.Release|Any CPU.ActiveCfg = Release|Any CPU
		{ACDF253D-BE16-4EC6-9EB3-4CF2A63BBF62}.Release|Any CPU.Build.0 = Release|Any CPU
		{CD31D40A-0B39-4E51-AB86-D09D82F41CCA}.Debug|Any CPU.ActiveCfg = Debug|Any CPU
		{CD31D40A-0B39-4E51-AB86-D09D82F41CCA}.Debug|Any CPU.Build.0 = Debug|Any CPU
		{CD31D40A-0B39-4E51-AB86-D09D82F41CCA}.Release|Any CPU.ActiveCfg = Release|Any CPU
		{CD31D40A-0B39-4E51-AB86-D09D82F41CCA}.Release|Any CPU.Build.0 = Release|Any CPU
	EndGlobalSection
	GlobalSection(SolutionProperties) = preSolution
		HideSolutionNode = FALSE
	EndGlobalSection
	GlobalSection(ExtensibilityGlobals) = postSolution
		SolutionGuid = {82F1BF7D-4ACB-4636-A823-C27655B73B85}
	EndGlobalSection
EndGlobal
