
Microsoft Visual Studio Solution File, Format Version 12.00
# Visual Studio Version 17
VisualStudioVersion = 17.11.35312.102
MinimumVisualStudioVersion = 10.0.40219.1
Project("{FAE04EC0-301F-11D3-BF4B-00C04F79EFBC}") = "Lesson4_HomeWork", "Lesson4_HomeWork\Lesson4_HomeWork.csproj", "{56C365A6-AFCF-4B1B-A39D-DC1A8740ECC2}"
EndProject
Global
	GlobalSection(SolutionConfigurationPlatforms) = preSolution
		Debug|Any CPU = Debug|Any CPU
		Release|Any CPU = Release|Any CPU
	EndGlobalSection
	GlobalSection(ProjectConfigurationPlatforms) = postSolution
		{56C365A6-AFCF-4B1B-A39D-DC1A8740ECC2}.Debug|Any CPU.ActiveCfg = Debug|Any CPU
		{56C365A6-AFCF-4B1B-A39D-DC1A8740ECC2}.Debug|Any CPU.Build.0 = Debug|Any CPU
		{56C365A6-AFCF-4B1B-A39D-DC1A8740ECC2}.Release|Any CPU.ActiveCfg = Release|Any CPU
		{56C365A6-AFCF-4B1B-A39D-DC1A8740ECC2}.Release|Any CPU.Build.0 = Release|Any CPU
	EndGlobalSection
	GlobalSection(SolutionProperties) = preSolution
		HideSolutionNode = FALSE
	EndGlobalSection
	GlobalSection(ExtensibilityGlobals) = postSolution
		SolutionGuid = {68E2A56E-00F6-4299-8C66-BB7648C92791}
	EndGlobalSection
EndGlobal
